
Microsoft Visual Studio Solution File, Format Version 12.00
# Visual Studio Version 16
VisualStudioVersion = 16.0.31424.327
MinimumVisualStudioVersion = 10.0.40219.1
Project("{9A19103F-16F7-4668-BE54-9A1E7A4F7556}") = "GenshinTelegramBot", "GenshinTelegramBot\GenshinTelegramBot.csproj", "{97C3DE0A-21AC-4A2F-88A8-60634C350179}"
EndProject
Project("{FAE04EC0-301F-11D3-BF4B-00C04F79EFBC}") = "BLL", "BLL\BLL.csproj", "{D3649561-E037-4F57-9331-44D7E41A0BF5}"
EndProject
Project("{FAE04EC0-301F-11D3-BF4B-00C04F79EFBC}") = "DAL", "DAL\DAL.csproj", "{A85E204C-90E2-405E-AF95-FAFEFB86E131}"
EndProject
Global
	GlobalSection(SolutionConfigurationPlatforms) = preSolution
		Debug|Any CPU = Debug|Any CPU
		Release|Any CPU = Release|Any CPU
	EndGlobalSection
	GlobalSection(ProjectConfigurationPlatforms) = postSolution
		{97C3DE0A-21AC-4A2F-88A8-60634C350179}.Debug|Any CPU.ActiveCfg = Debug|Any CPU
		{97C3DE0A-21AC-4A2F-88A8-60634C350179}.Debug|Any CPU.Build.0 = Debug|Any CPU
		{97C3DE0A-21AC-4A2F-88A8-60634C350179}.Release|Any CPU.ActiveCfg = Release|Any CPU
		{97C3DE0A-21AC-4A2F-88A8-60634C350179}.Release|Any CPU.Build.0 = Release|Any CPU
		{D3649561-E037-4F57-9331-44D7E41A0BF5}.Debug|Any CPU.ActiveCfg = Debug|Any CPU
		{D3649561-E037-4F57-9331-44D7E41A0BF5}.Debug|Any CPU.Build.0 = Debug|Any CPU
		{D3649561-E037-4F57-9331-44D7E41A0BF5}.Release|Any CPU.ActiveCfg = Release|Any CPU
		{D3649561-E037-4F57-9331-44D7E41A0BF5}.Release|Any CPU.Build.0 = Release|Any CPU
		{A85E204C-90E2-405E-AF95-FAFEFB86E131}.Debug|Any CPU.ActiveCfg = Debug|Any CPU
		{A85E204C-90E2-405E-AF95-FAFEFB86E131}.Debug|Any CPU.Build.0 = Debug|Any CPU
		{A85E204C-90E2-405E-AF95-FAFEFB86E131}.Release|Any CPU.ActiveCfg = Release|Any CPU
		{A85E204C-90E2-405E-AF95-FAFEFB86E131}.Release|Any CPU.Build.0 = Release|Any CPU
	EndGlobalSection
	GlobalSection(SolutionProperties) = preSolution
		HideSolutionNode = FALSE
	EndGlobalSection
	GlobalSection(ExtensibilityGlobals) = postSolution
		SolutionGuid = {7886CCCE-EEC1-4D3E-A519-9C269E6E877F}
	EndGlobalSection
EndGlobal
